<?xml version="1.0" encoding="utf-8"?>
<Project ToolsVersion="4.0" xmlns="http://schemas.microsoft.com/developer/msbuild/2003">
  <ItemGroup>
    <Filter Include="core">
      <UniqueIdentifier>{4E40957C-3A77-960D-E363-7C10CF79120F}</UniqueIdentifier>
    </Filter>
    <Filter Include="core\config">
      <UniqueIdentifier>{B3AB3265-1F61-AB5A-A855-A531140AA25E}</UniqueIdentifier>
    </Filter>
    <Filter Include="core\cropto">
      <UniqueIdentifier>{94AD6965-0063-E25A-8957-DC31F50BD95E}</UniqueIdentifier>
    </Filter>
    <Filter Include="core\engine">
      <UniqueIdentifier>{331BC769-9FD0-3F5F-28C5-393694793663}</UniqueIdentifier>
    </Filter>
    <Filter Include="core\error">
      <UniqueIdentifier>{275ACA50-1312-0C9E-7C19-E5F968F0A68E}</UniqueIdentifier>
    </Filter>
    <Filter Include="core\input">
      <UniqueIdentifier>{ED821051-D93A-529E-4242-2BFA2E19ED8E}</UniqueIdentifier>
    </Filter>
    <Filter Include="core\log">
      <UniqueIdentifier>{3F57D44A-2B24-2F56-543D-1DFE406964E4}</UniqueIdentifier>
    </Filter>
    <Filter Include="core\mainloop">
      <UniqueIdentifier>{7C315876-E8F1-D3AC-B12C-1D2A1DAC1889}</UniqueIdentifier>
    </Filter>
    <Filter Include="core\math">
      <UniqueIdentifier>{07925FA5-73FC-131C-BC3A-C5C128E4F170}</UniqueIdentifier>
    </Filter>
    <Filter Include="core\meta">
      <UniqueIdentifier>{04A35FA5-700D-141C-B94B-C5C125F5F170}</UniqueIdentifier>
    </Filter>
    <Filter Include="core\meta\reflection">
      <UniqueIdentifier>{5E13BAB0-4AA2-437A-F3C0-5775DF2E5420}</UniqueIdentifier>
    </Filter>
    <Filter Include="core\meta\serializer">
      <UniqueIdentifier>{AD6134D8-99F0-BDA1-420F-D29C2E7DCE47}</UniqueIdentifier>
    </Filter>
    <Filter Include="core\object">
      <UniqueIdentifier>{341E4380-A0D3-BB75-29C8-B54C957CB279}</UniqueIdentifier>
    </Filter>
    <Filter Include="core\os">
      <UniqueIdentifier>{3FDCB8D3-ABBB-376F-B4D3-C24520329ED0}</UniqueIdentifier>
    </Filter>
    <Filter Include="core\resource">
      <UniqueIdentifier>{45F6F45E-B1B6-7095-7AF1-B912E670B571}</UniqueIdentifier>
    </Filter>
    <Filter Include="core\scene">
      <UniqueIdentifier>{0B40BF51-F7F7-009F-60FF-D9FA4CD69B8F}</UniqueIdentifier>
    </Filter>
    <Filter Include="core\string">
      <UniqueIdentifier>{34EFE18A-A0A4-5A80-2999-5457954D5184}</UniqueIdentifier>
    </Filter>
    <Filter Include="core\templates">
      <UniqueIdentifier>{CC76585A-B844-4C60-A1D8-BC868D4528C5}</UniqueIdentifier>
    </Filter>
    <Filter Include="core\variant">
      <UniqueIdentifier>{1252BCA1-FEB4-4B46-A73A-84FC937C17C9}</UniqueIdentifier>
    </Filter>
    <Filter Include="function">
      <UniqueIdentifier>{4B3824D4-3705-7FDF-601E-6D874C4AB46D}</UniqueIdentifier>
    </Filter>
    <Filter Include="function\display">
      <UniqueIdentifier>{D0127580-BC0B-94D2-E53D-7957D19573DE}</UniqueIdentifier>
    </Filter>
    <Filter Include="function\project">
      <UniqueIdentifier>{B18FE230-9D88-0183-C6BA-E607B212E18E}</UniqueIdentifier>
    </Filter>
    <Filter Include="function\ui">
      <UniqueIdentifier>{D82F8330-44E5-FB25-CDD9-F5FC398EF229}</UniqueIdentifier>
    </Filter>
    <Filter Include="io">
      <UniqueIdentifier>{3D785900-2904-880B-92B2-880B7E5D880B}</UniqueIdentifier>
    </Filter>
    <Filter Include="platform">
      <UniqueIdentifier>{4A63C33C-3630-1E48-5F49-0CF04B7553D6}</UniqueIdentifier>
    </Filter>
    <Filter Include="platform\io">
      <UniqueIdentifier>{F1EC55E0-5DA2-CED5-E696-C8AC524BC5D9}</UniqueIdentifier>
    </Filter>
    <Filter Include="render">
      <UniqueIdentifier>{E5CF2C19-D171-57EF-BA2C-6B43A66DDE3F}</UniqueIdentifier>
    </Filter>
    <Filter Include="resource">
      <UniqueIdentifier>{0D091A24-F9D5-742F-22EF-62D70E1BAABD}</UniqueIdentifier>
    </Filter>
    <Filter Include="resource\common">
      <UniqueIdentifier>{C5D9A3A3-3165-1168-3A76-945CA6806D68}</UniqueIdentifier>
    </Filter>
    <Filter Include="resource\component">
      <UniqueIdentifier>{CF752EA3-BB59-EFF8-24BA-E94B10BDD97A}</UniqueIdentifier>
    </Filter>
    <Filter Include="resource\manager">
      <UniqueIdentifier>{579A48F9-4393-674B-6CC5-4CD0581D4757}</UniqueIdentifier>
    </Filter>
  </ItemGroup>
  <ItemGroup>
    <ClInclude Include="base.h" />
    <ClInclude Include="core\config\project_settings.h">
      <Filter>core\config</Filter>
    </ClInclude>
    <ClInclude Include="core\cropto\crypto_core.h">
      <Filter>core\cropto</Filter>
    </ClInclude>
    <ClInclude Include="core\engine\engine.h">
      <Filter>core\engine</Filter>
    </ClInclude>
    <ClInclude Include="core\error\error.h">
      <Filter>core\error</Filter>
    </ClInclude>
    <ClInclude Include="core\error\error_macros.h">
      <Filter>core\error</Filter>
    </ClInclude>
    <ClInclude Include="core\input\key_input.h">
      <Filter>core\input</Filter>
    </ClInclude>
    <ClInclude Include="core\input\mouse_input.h">
      <Filter>core\input</Filter>
    </ClInclude>
    <ClInclude Include="core\log\log.h">
      <Filter>core\log</Filter>
    </ClInclude>
    <ClInclude Include="core\mainloop\main.h">
      <Filter>core\mainloop</Filter>
    </ClInclude>
    <ClInclude Include="core\math\axis_aligned.h">
      <Filter>core\math</Filter>
    </ClInclude>
    <ClInclude Include="core\math\color.h">
      <Filter>core\math</Filter>
    </ClInclude>
    <ClInclude Include="core\math\hashfuncs.h">
      <Filter>core\math</Filter>
    </ClInclude>
    <ClInclude Include="core\math\math.h">
      <Filter>core\math</Filter>
    </ClInclude>
    <ClInclude Include="core\math\math_defs.h">
      <Filter>core\math</Filter>
    </ClInclude>
    <ClInclude Include="core\math\math_headers.h">
      <Filter>core\math</Filter>
    </ClInclude>
    <ClInclude Include="core\math\math_marcos.h">
      <Filter>core\math</Filter>
    </ClInclude>
    <ClInclude Include="core\math\matrix3.h">
      <Filter>core\math</Filter>
    </ClInclude>
    <ClInclude Include="core\math\matrix4.h">
      <Filter>core\math</Filter>
    </ClInclude>
    <ClInclude Include="core\math\ok_color.h">
      <Filter>core\math</Filter>
    </ClInclude>
    <ClInclude Include="core\math\quaternion.h">
      <Filter>core\math</Filter>
    </ClInclude>
    <ClInclude Include="core\math\random.h">
      <Filter>core\math</Filter>
    </ClInclude>
    <ClInclude Include="core\math\random_pcg.h">
      <Filter>core\math</Filter>
    </ClInclude>
    <ClInclude Include="core\math\transform.h">
      <Filter>core\math</Filter>
    </ClInclude>
    <ClInclude Include="core\math\vector2.h">
      <Filter>core\math</Filter>
    </ClInclude>
    <ClInclude Include="core\math\vector2i.h">
      <Filter>core\math</Filter>
    </ClInclude>
    <ClInclude Include="core\math\vector3.h">
      <Filter>core\math</Filter>
    </ClInclude>
    <ClInclude Include="core\math\vector4.h">
      <Filter>core\math</Filter>
    </ClInclude>
    <ClInclude Include="core\meta\json.h">
      <Filter>core\meta</Filter>
    </ClInclude>
    <ClInclude Include="core\meta\meta_example.h">
      <Filter>core\meta</Filter>
    </ClInclude>
    <ClInclude Include="core\meta\reflection\reflection.h">
      <Filter>core\meta\reflection</Filter>
    </ClInclude>
    <ClInclude Include="core\meta\reflection\reflection_register.h">
      <Filter>core\meta\reflection</Filter>
    </ClInclude>
    <ClInclude Include="core\meta\serializer\serializer.h">
      <Filter>core\meta\serializer</Filter>
    </ClInclude>
    <ClInclude Include="core\object\gobject.h">
      <Filter>core\object</Filter>
    </ClInclude>
    <ClInclude Include="core\object\object.h">
      <Filter>core\object</Filter>
    </ClInclude>
    <ClInclude Include="core\object\object_id.h">
      <Filter>core\object</Filter>
    </ClInclude>
    <ClInclude Include="core\object\objectdb.h">
      <Filter>core\object</Filter>
    </ClInclude>
    <ClInclude Include="core\object\refcounted.h">
      <Filter>core\object</Filter>
    </ClInclude>
    <ClInclude Include="core\object\safe_refcount.h">
      <Filter>core\object</Filter>
    </ClInclude>
    <ClInclude Include="core\object\signal.h">
      <Filter>core\object</Filter>
    </ClInclude>
    <ClInclude Include="core\object\signal_system.h">
      <Filter>core\object</Filter>
    </ClInclude>
    <ClInclude Include="core\os\condition_variable.h">
      <Filter>core\os</Filter>
    </ClInclude>
    <ClInclude Include="core\os\dir_access.h">
      <Filter>core\os</Filter>
    </ClInclude>
    <ClInclude Include="core\os\file_access.h">
      <Filter>core\os</Filter>
    </ClInclude>
    <ClInclude Include="core\os\memory.h">
      <Filter>core\os</Filter>
    </ClInclude>
    <ClInclude Include="core\os\mutex.h">
      <Filter>core\os</Filter>
    </ClInclude>
    <ClInclude Include="core\os\os.h">
      <Filter>core\os</Filter>
    </ClInclude>
    <ClInclude Include="core\os\pool_allocator.h">
      <Filter>core\os</Filter>
    </ClInclude>
    <ClInclude Include="core\os\spin_lock.h">
      <Filter>core\os</Filter>
    </ClInclude>
    <ClInclude Include="core\os\thread_safe.h">
      <Filter>core\os</Filter>
    </ClInclude>
    <ClInclude Include="core\os\time_enums.h">
      <Filter>core\os</Filter>
    </ClInclude>
    <ClInclude Include="core\resource\res_importer.h">
      <Filter>core\resource</Filter>
    </ClInclude>
    <ClInclude Include="core\resource\resource.h">
      <Filter>core\resource</Filter>
    </ClInclude>
    <ClInclude Include="core\resource\resource_uid.h">
      <Filter>core\resource</Filter>
    </ClInclude>
    <ClInclude Include="core\resource\rid.h">
      <Filter>core\resource</Filter>
    </ClInclude>
    <ClInclude Include="core\scene\node.h">
      <Filter>core\scene</Filter>
    </ClInclude>
    <ClInclude Include="core\scene\node_path.h">
      <Filter>core\scene</Filter>
    </ClInclude>
    <ClInclude Include="core\scene\node_res.h">
      <Filter>core\scene</Filter>
    </ClInclude>
    <ClInclude Include="core\scene\scene_tree.h">
      <Filter>core\scene</Filter>
    </ClInclude>
    <ClInclude Include="core\string\char_utils.h">
      <Filter>core\string</Filter>
    </ClInclude>
    <ClInclude Include="core\string\print_string.h">
      <Filter>core\string</Filter>
    </ClInclude>
    <ClInclude Include="core\string\string_name.h">
      <Filter>core\string</Filter>
    </ClInclude>
    <ClInclude Include="core\string\ucaps.h">
      <Filter>core\string</Filter>
    </ClInclude>
    <ClInclude Include="core\string\ustring.h">
      <Filter>core\string</Filter>
    </ClInclude>
    <ClInclude Include="core\templates\cowdata.h">
      <Filter>core\templates</Filter>
    </ClInclude>
    <ClInclude Include="core\templates\hash_funcs.h">
      <Filter>core\templates</Filter>
    </ClInclude>
    <ClInclude Include="core\templates\hash_map.h">
      <Filter>core\templates</Filter>
    </ClInclude>
    <ClInclude Include="core\templates\hash_set.h">
      <Filter>core\templates</Filter>
    </ClInclude>
    <ClInclude Include="core\templates\list.h">
      <Filter>core\templates</Filter>
    </ClInclude>
    <ClInclude Include="core\templates\page_allocator.h">
      <Filter>core\templates</Filter>
    </ClInclude>
    <ClInclude Include="core\templates\pair.h">
      <Filter>core\templates</Filter>
    </ClInclude>
    <ClInclude Include="core\templates\rb_map.h">
      <Filter>core\templates</Filter>
    </ClInclude>
    <ClInclude Include="core\templates\safe_numeric.h">
      <Filter>core\templates</Filter>
    </ClInclude>
    <ClInclude Include="core\templates\self_list.h">
      <Filter>core\templates</Filter>
    </ClInclude>
    <ClInclude Include="core\templates\singleton.h">
      <Filter>core\templates</Filter>
    </ClInclude>
    <ClInclude Include="core\templates\sort_array.h">
      <Filter>core\templates</Filter>
    </ClInclude>
    <ClInclude Include="core\templates\vector.h">
      <Filter>core\templates</Filter>
    </ClInclude>
    <ClInclude Include="core\templates\vset.h">
      <Filter>core\templates</Filter>
    </ClInclude>
    <ClInclude Include="core\typedefs.h">
      <Filter>core</Filter>
    </ClInclude>
    <ClInclude Include="core\variant\array.h">
      <Filter>core\variant</Filter>
    </ClInclude>
    <ClInclude Include="core\variant\callable.h">
      <Filter>core\variant</Filter>
    </ClInclude>
    <ClInclude Include="core\variant\typed_array.h">
      <Filter>core\variant</Filter>
    </ClInclude>
    <ClInclude Include="core\variant\variant.h">
      <Filter>core\variant</Filter>
    </ClInclude>
    <ClInclude Include="function\display\display_event.h">
      <Filter>function\display</Filter>
    </ClInclude>
    <ClInclude Include="function\display\viewport.h">
      <Filter>function\display</Filter>
    </ClInclude>
    <ClInclude Include="function\display\window.h">
      <Filter>function\display</Filter>
    </ClInclude>
    <ClInclude Include="function\display\window_system.h">
      <Filter>function\display</Filter>
    </ClInclude>
    <ClInclude Include="function\project\project_manager.h">
      <Filter>function\project</Filter>
    </ClInclude>
    <ClInclude Include="function\script.h">
      <Filter>function</Filter>
    </ClInclude>
    <ClInclude Include="function\ui\window_ui.h">
      <Filter>function\ui</Filter>
    </ClInclude>
    <ClInclude Include="io\resource.h">
      <Filter>io</Filter>
    </ClInclude>
    <ClInclude Include="io\resource_load.h">
      <Filter>io</Filter>
    </ClInclude>
    <ClInclude Include="platform\io\dir_access_windows.h">
      <Filter>platform\io</Filter>
    </ClInclude>
    <ClInclude Include="platform\io\file_access_windows.h">
      <Filter>platform\io</Filter>
    </ClInclude>
    <ClInclude Include="platform\io\os_windows.h">
      <Filter>platform\io</Filter>
    </ClInclude>
    <ClInclude Include="render\render_system.h">
      <Filter>render</Filter>
    </ClInclude>
    <ClInclude Include="render\render_system_globals.h">
      <Filter>render</Filter>
    </ClInclude>
    <ClInclude Include="render\viewport.h">
      <Filter>render</Filter>
    </ClInclude>
    <ClInclude Include="resource\common\world.h">
      <Filter>resource\common</Filter>
    </ClInclude>
    <ClInclude Include="resource\component\camera.h">
      <Filter>resource\component</Filter>
    </ClInclude>
    <ClInclude Include="resource\component\camera_conf.h">
      <Filter>resource\component</Filter>
    </ClInclude>
    <ClInclude Include="resource\component\component.h">
      <Filter>resource\component</Filter>
    </ClInclude>
    <ClInclude Include="resource\component\mesh.h">
      <Filter>resource\component</Filter>
    </ClInclude>
    <ClInclude Include="resource\manager\resource_manager.h">
      <Filter>resource\manager</Filter>
    </ClInclude>
    <ClInclude Include="core\variant\dictionary.h" />
    <ClInclude Include="core\meta\reflection\type_info.h" />
    <ClInclude Include="core\math\vector3i.h" />
  </ItemGroup>
  <ItemGroup>
    <ClCompile Include="core\config\project_settings.cpp">
      <Filter>core\config</Filter>
    </ClCompile>
    <ClCompile Include="core\engine\engine.cpp">
      <Filter>core\engine</Filter>
    </ClCompile>
    <ClCompile Include="core\error\error_macros.cpp">
      <Filter>core\error</Filter>
    </ClCompile>
    <ClCompile Include="core\input\input.cpp">
      <Filter>core\input</Filter>
    </ClCompile>
    <ClCompile Include="core\log\log.cpp">
      <Filter>core\log</Filter>
    </ClCompile>
    <ClCompile Include="core\mainloop\main.cpp">
      <Filter>core\mainloop</Filter>
    </ClCompile>
    <ClCompile Include="core\math\axis_aligned.cpp">
      <Filter>core\math</Filter>
    </ClCompile>
    <ClCompile Include="core\math\color.cpp">
      <Filter>core\math</Filter>
    </ClCompile>
    <ClCompile Include="core\math\math.cpp">
      <Filter>core\math</Filter>
    </ClCompile>
    <ClCompile Include="core\math\matrix3.cpp">
      <Filter>core\math</Filter>
    </ClCompile>
    <ClCompile Include="core\math\matrix4.cpp">
      <Filter>core\math</Filter>
    </ClCompile>
    <ClCompile Include="core\math\quaternion.cpp">
      <Filter>core\math</Filter>
    </ClCompile>
    <ClCompile Include="core\math\vector2.cpp">
      <Filter>core\math</Filter>
    </ClCompile>
    <ClCompile Include="core\math\vector2i.cpp">
      <Filter>core\math</Filter>
    </ClCompile>
    <ClCompile Include="core\math\vector3.cpp">
      <Filter>core\math</Filter>
    </ClCompile>
    <ClCompile Include="core\math\vector4.cpp">
      <Filter>core\math</Filter>
    </ClCompile>
    <ClCompile Include="core\meta\meta_example.cpp">
      <Filter>core\meta</Filter>
    </ClCompile>
    <ClCompile Include="core\meta\reflection\reflection.cpp">
      <Filter>core\meta\reflection</Filter>
    </ClCompile>
    <ClCompile Include="core\meta\reflection\reflection_register.cpp">
      <Filter>core\meta\reflection</Filter>
    </ClCompile>
    <ClCompile Include="core\meta\serializer\serializer.cpp">
      <Filter>core\meta\serializer</Filter>
    </ClCompile>
    <ClCompile Include="core\object\object.cpp">
      <Filter>core\object</Filter>
    </ClCompile>
    <ClCompile Include="core\object\object_id.cpp">
      <Filter>core\object</Filter>
    </ClCompile>
    <ClCompile Include="core\object\objectdb.cpp">
      <Filter>core\object</Filter>
    </ClCompile>
    <ClCompile Include="core\object\refcounted.cpp">
      <Filter>core\object</Filter>
    </ClCompile>
    <ClCompile Include="core\os\dir_access.cpp">
      <Filter>core\os</Filter>
    </ClCompile>
    <ClCompile Include="core\os\file_access.cpp">
      <Filter>core\os</Filter>
    </ClCompile>
    <ClCompile Include="core\os\memory.cpp">
      <Filter>core\os</Filter>
    </ClCompile>
    <ClCompile Include="core\os\mutex.cpp">
      <Filter>core\os</Filter>
    </ClCompile>
    <ClCompile Include="core\os\os.cpp">
      <Filter>core\os</Filter>
    </ClCompile>
    <ClCompile Include="core\os\pool_allocator.cpp">
      <Filter>core\os</Filter>
    </ClCompile>
    <ClCompile Include="core\resource\res_manager.cpp">
      <Filter>core\resource</Filter>
    </ClCompile>
    <ClCompile Include="core\resource\resource.cpp">
      <Filter>core\resource</Filter>
    </ClCompile>
    <ClCompile Include="core\resource\resource_uid.cpp">
      <Filter>core\resource</Filter>
    </ClCompile>
    <ClCompile Include="core\scene\node.cpp">
      <Filter>core\scene</Filter>
    </ClCompile>
    <ClCompile Include="core\scene\node_path.cpp">
      <Filter>core\scene</Filter>
    </ClCompile>
    <ClCompile Include="core\scene\scene_tree.cpp">
      <Filter>core\scene</Filter>
    </ClCompile>
    <ClCompile Include="core\string\print_string.cpp">
      <Filter>core\string</Filter>
    </ClCompile>
    <ClCompile Include="core\string\string_name.cpp">
      <Filter>core\string</Filter>
    </ClCompile>
    <ClCompile Include="core\string\ustring.cpp">
      <Filter>core\string</Filter>
    </ClCompile>
    <ClCompile Include="core\string\ustringutils.cpp">
      <Filter>core\string</Filter>
    </ClCompile>
    <ClCompile Include="core\variant\callable.cpp">
      <Filter>core\variant</Filter>
    </ClCompile>
    <ClCompile Include="core\variant\variant.cpp">
      <Filter>core\variant</Filter>
    </ClCompile>
    <ClCompile Include="function\display\window_system.cpp">
      <Filter>function\display</Filter>
    </ClCompile>
    <ClCompile Include="function\project\project_mananger.cpp">
      <Filter>function\project</Filter>
    </ClCompile>
    <ClCompile Include="io\resource_load.cpp">
      <Filter>io</Filter>
    </ClCompile>
    <ClCompile Include="platform\io\dir_access_windows.cpp">
      <Filter>platform\io</Filter>
    </ClCompile>
    <ClCompile Include="platform\io\file_access_windows.cpp">
      <Filter>platform\io</Filter>
    </ClCompile>
    <ClCompile Include="platform\io\os_windows.cpp">
      <Filter>platform\io</Filter>
    </ClCompile>
    <ClCompile Include="render\render_system.cpp">
      <Filter>render</Filter>
    </ClCompile>
    <ClCompile Include="resource\component\transform_component.cpp">
      <Filter>resource\component</Filter>
    </ClCompile>
    <ClCompile Include="core\variant\dictionary.cpp" />
    <ClCompile Include="core\variant\variant_header.h" />
  </ItemGroup>
</Project>