<?xml version="1.0" encoding="utf-8"?>
<Project ToolsVersion="4.0" xmlns="http://schemas.microsoft.com/developer/msbuild/2003">
  <ItemGroup>
    <Filter Include="core">
      <UniqueIdentifier>{4E40957C-3A77-960D-E363-7C10CF79120F}</UniqueIdentifier>
    </Filter>
    <Filter Include="core\log">
      <UniqueIdentifier>{3F57D44A-2B24-2F56-543D-1DFE406964E4}</UniqueIdentifier>
    </Filter>
  </ItemGroup>
  <ItemGroup>
    <ClInclude Include="src\core.h" />
    <ClInclude Include="src\core\log\Log.h">
      <Filter>core\log</Filter>
    </ClInclude>
    <ClInclude Include="src\core\test.h">
      <Filter>core</Filter>
    </ClInclude>
  </ItemGroup>
  <ItemGroup>
    <ClCompile Include="src\core\log\Log.cpp">
      <Filter>core\log</Filter>
    </ClCompile>
    <ClCompile Include="src\core\test.cpp">
      <Filter>core</Filter>
    </ClCompile>
  </ItemGroup>
</Project>